
Microsoft Visual Studio Solution File, Format Version 12.00
# Visual Studio 14
VisualStudioVersion = 14.0.25420.1
MinimumVisualStudioVersion = 10.0.40219.1
Project("{FAE04EC0-301F-11D3-BF4B-00C04F79EFBC}") = "eIVOCenter", "eIVOCenter\eIVOCenter.csproj", "{0B11DCD8-FAD5-4A8D-A833-9D682349C363}"
EndProject
Project("{FAE04EC0-301F-11D3-BF4B-00C04F79EFBC}") = "Model", "Model\Model.csproj", "{2F1547B6-2DD4-4A57-A40F-258103591603}"
EndProject
Project("{FAE04EC0-301F-11D3-BF4B-00C04F79EFBC}") = "eIVOGo", "eIVOGo\eIVOGo.csproj", "{9E9ABA84-E224-4984-991C-6584573404B3}"
EndProject
Project("{FAE04EC0-301F-11D3-BF4B-00C04F79EFBC}") = "InvoiceClient", "InvoiceClient\InvoiceClient.csproj", "{90365DBC-0D13-4FA9-977E-9A8DF4A66E38}"
EndProject
Project("{FAE04EC0-301F-11D3-BF4B-00C04F79EFBC}") = "Uxnet.ToolAdapter", "Uxet.ToolAdapter\Uxnet.ToolAdapter.csproj", "{B3AE4AFA-632C-493A-AC5A-9E6B7F9A2B30}"
EndProject
Project("{FAE04EC0-301F-11D3-BF4B-00C04F79EFBC}") = "Uxnet.Com", "Uxet.Com\Uxnet.Com.csproj", "{72EDD90C-E7FE-44F4-8B9B-C9512F02D547}"
EndProject
Project("{FAE04EC0-301F-11D3-BF4B-00C04F79EFBC}") = "Uxnet.Web", "Uxet.Web\Uxnet.Web.csproj", "{44839C05-8A69-4331-89EB-761509CD68EB}"
EndProject
Project("{FAE04EC0-301F-11D3-BF4B-00C04F79EFBC}") = "Business", "Business\Business.csproj", "{8CF5D523-2AB2-4A61-9660-5AB9E36F48D6}"
EndProject
Global
	GlobalSection(SolutionConfigurationPlatforms) = preSolution
		Debug|Any CPU = Debug|Any CPU
		Debug|Mixed Platforms = Debug|Mixed Platforms
		Debug|x86 = Debug|x86
		Release|Any CPU = Release|Any CPU
		Release|Mixed Platforms = Release|Mixed Platforms
		Release|x86 = Release|x86
	EndGlobalSection
	GlobalSection(ProjectConfigurationPlatforms) = postSolution
		{0B11DCD8-FAD5-4A8D-A833-9D682349C363}.Debug|Any CPU.ActiveCfg = Debug|Any CPU
		{0B11DCD8-FAD5-4A8D-A833-9D682349C363}.Debug|Any CPU.Build.0 = Debug|Any CPU
		{0B11DCD8-FAD5-4A8D-A833-9D682349C363}.Debug|Mixed Platforms.ActiveCfg = Debug|Any CPU
		{0B11DCD8-FAD5-4A8D-A833-9D682349C363}.Debug|Mixed Platforms.Build.0 = Debug|Any CPU
		{0B11DCD8-FAD5-4A8D-A833-9D682349C363}.Debug|x86.ActiveCfg = Debug|Any CPU
		{0B11DCD8-FAD5-4A8D-A833-9D682349C363}.Release|Any CPU.ActiveCfg = Release|Any CPU
		{0B11DCD8-FAD5-4A8D-A833-9D682349C363}.Release|Any CPU.Build.0 = Release|Any CPU
		{0B11DCD8-FAD5-4A8D-A833-9D682349C363}.Release|Mixed Platforms.ActiveCfg = Release|Any CPU
		{0B11DCD8-FAD5-4A8D-A833-9D682349C363}.Release|Mixed Platforms.Build.0 = Release|Any CPU
		{0B11DCD8-FAD5-4A8D-A833-9D682349C363}.Release|x86.ActiveCfg = Release|Any CPU
		{2F1547B6-2DD4-4A57-A40F-258103591603}.Debug|Any CPU.ActiveCfg = Debug|Any CPU
		{2F1547B6-2DD4-4A57-A40F-258103591603}.Debug|Any CPU.Build.0 = Debug|Any CPU
		{2F1547B6-2DD4-4A57-A40F-258103591603}.Debug|Mixed Platforms.ActiveCfg = Debug|Any CPU
		{2F1547B6-2DD4-4A57-A40F-258103591603}.Debug|Mixed Platforms.Build.0 = Debug|Any CPU
		{2F1547B6-2DD4-4A57-A40F-258103591603}.Debug|x86.ActiveCfg = Debug|Any CPU
		{2F1547B6-2DD4-4A57-A40F-258103591603}.Release|Any CPU.ActiveCfg = Release|Any CPU
		{2F1547B6-2DD4-4A57-A40F-258103591603}.Release|Any CPU.Build.0 = Release|Any CPU
		{2F1547B6-2DD4-4A57-A40F-258103591603}.Release|Mixed Platforms.ActiveCfg = Release|Any CPU
		{2F1547B6-2DD4-4A57-A40F-258103591603}.Release|Mixed Platforms.Build.0 = Release|Any CPU
		{2F1547B6-2DD4-4A57-A40F-258103591603}.Release|x86.ActiveCfg = Release|Any CPU
		{9E9ABA84-E224-4984-991C-6584573404B3}.Debug|Any CPU.ActiveCfg = Debug|Any CPU
		{9E9ABA84-E224-4984-991C-6584573404B3}.Debug|Any CPU.Build.0 = Debug|Any CPU
		{9E9ABA84-E224-4984-991C-6584573404B3}.Debug|Mixed Platforms.ActiveCfg = Debug|Any CPU
		{9E9ABA84-E224-4984-991C-6584573404B3}.Debug|Mixed Platforms.Build.0 = Debug|Any CPU
		{9E9ABA84-E224-4984-991C-6584573404B3}.Debug|x86.ActiveCfg = Debug|Any CPU
		{9E9ABA84-E224-4984-991C-6584573404B3}.Release|Any CPU.ActiveCfg = Release|Any CPU
		{9E9ABA84-E224-4984-991C-6584573404B3}.Release|Any CPU.Build.0 = Release|Any CPU
		{9E9ABA84-E224-4984-991C-6584573404B3}.Release|Mixed Platforms.ActiveCfg = Release|Any CPU
		{9E9ABA84-E224-4984-991C-6584573404B3}.Release|Mixed Platforms.Build.0 = Release|Any CPU
		{9E9ABA84-E224-4984-991C-6584573404B3}.Release|x86.ActiveCfg = Release|Any CPU
		{90365DBC-0D13-4FA9-977E-9A8DF4A66E38}.Debug|Any CPU.ActiveCfg = Debug|x86
		{90365DBC-0D13-4FA9-977E-9A8DF4A66E38}.Debug|Mixed Platforms.ActiveCfg = Debug|x86
		{90365DBC-0D13-4FA9-977E-9A8DF4A66E38}.Debug|Mixed Platforms.Build.0 = Debug|x86
		{90365DBC-0D13-4FA9-977E-9A8DF4A66E38}.Debug|x86.ActiveCfg = Debug|x86
		{90365DBC-0D13-4FA9-977E-9A8DF4A66E38}.Debug|x86.Build.0 = Debug|x86
		{90365DBC-0D13-4FA9-977E-9A8DF4A66E38}.Release|Any CPU.ActiveCfg = Release|x86
		{90365DBC-0D13-4FA9-977E-9A8DF4A66E38}.Release|Mixed Platforms.ActiveCfg = Release|x86
		{90365DBC-0D13-4FA9-977E-9A8DF4A66E38}.Release|Mixed Platforms.Build.0 = Release|x86
		{90365DBC-0D13-4FA9-977E-9A8DF4A66E38}.Release|x86.ActiveCfg = Release|x86
		{90365DBC-0D13-4FA9-977E-9A8DF4A66E38}.Release|x86.Build.0 = Release|x86
		{B3AE4AFA-632C-493A-AC5A-9E6B7F9A2B30}.Debug|Any CPU.ActiveCfg = Debug|Any CPU
		{B3AE4AFA-632C-493A-AC5A-9E6B7F9A2B30}.Debug|Any CPU.Build.0 = Debug|Any CPU
		{B3AE4AFA-632C-493A-AC5A-9E6B7F9A2B30}.Debug|Mixed Platforms.ActiveCfg = Debug|Any CPU
		{B3AE4AFA-632C-493A-AC5A-9E6B7F9A2B30}.Debug|Mixed Platforms.Build.0 = Debug|Any CPU
		{B3AE4AFA-632C-493A-AC5A-9E6B7F9A2B30}.Debug|x86.ActiveCfg = Debug|Any CPU
		{B3AE4AFA-632C-493A-AC5A-9E6B7F9A2B30}.Debug|x86.Build.0 = Debug|Any CPU
		{B3AE4AFA-632C-493A-AC5A-9E6B7F9A2B30}.Release|Any CPU.ActiveCfg = Release|Any CPU
		{B3AE4AFA-632C-493A-AC5A-9E6B7F9A2B30}.Release|Any CPU.Build.0 = Release|Any CPU
		{B3AE4AFA-632C-493A-AC5A-9E6B7F9A2B30}.Release|Mixed Platforms.ActiveCfg = Release|Any CPU
		{B3AE4AFA-632C-493A-AC5A-9E6B7F9A2B30}.Release|Mixed Platforms.Build.0 = Release|Any CPU
		{B3AE4AFA-632C-493A-AC5A-9E6B7F9A2B30}.Release|x86.ActiveCfg = Release|Any CPU
		{B3AE4AFA-632C-493A-AC5A-9E6B7F9A2B30}.Release|x86.Build.0 = Release|Any CPU
		{72EDD90C-E7FE-44F4-8B9B-C9512F02D547}.Debug|Any CPU.ActiveCfg = Debug|Any CPU
		{72EDD90C-E7FE-44F4-8B9B-C9512F02D547}.Debug|Any CPU.Build.0 = Debug|Any CPU
		{72EDD90C-E7FE-44F4-8B9B-C9512F02D547}.Debug|Mixed Platforms.ActiveCfg = Debug|Any CPU
		{72EDD90C-E7FE-44F4-8B9B-C9512F02D547}.Debug|Mixed Platforms.Build.0 = Debug|Any CPU
		{72EDD90C-E7FE-44F4-8B9B-C9512F02D547}.Debug|x86.ActiveCfg = Debug|Any CPU
		{72EDD90C-E7FE-44F4-8B9B-C9512F02D547}.Debug|x86.Build.0 = Debug|Any CPU
		{72EDD90C-E7FE-44F4-8B9B-C9512F02D547}.Release|Any CPU.ActiveCfg = Release|Any CPU
		{72EDD90C-E7FE-44F4-8B9B-C9512F02D547}.Release|Any CPU.Build.0 = Release|Any CPU
		{72EDD90C-E7FE-44F4-8B9B-C9512F02D547}.Release|Mixed Platforms.ActiveCfg = Release|Any CPU
		{72EDD90C-E7FE-44F4-8B9B-C9512F02D547}.Release|Mixed Platforms.Build.0 = Release|Any CPU
		{72EDD90C-E7FE-44F4-8B9B-C9512F02D547}.Release|x86.ActiveCfg = Release|Any CPU
		{72EDD90C-E7FE-44F4-8B9B-C9512F02D547}.Release|x86.Build.0 = Release|Any CPU
		{44839C05-8A69-4331-89EB-761509CD68EB}.Debug|Any CPU.ActiveCfg = Debug|Any CPU
		{44839C05-8A69-4331-89EB-761509CD68EB}.Debug|Any CPU.Build.0 = Debug|Any CPU
		{44839C05-8A69-4331-89EB-761509CD68EB}.Debug|Mixed Platforms.ActiveCfg = Debug|Any CPU
		{44839C05-8A69-4331-89EB-761509CD68EB}.Debug|Mixed Platforms.Build.0 = Debug|Any CPU
		{44839C05-8A69-4331-89EB-761509CD68EB}.Debug|x86.ActiveCfg = Debug|Any CPU
		{44839C05-8A69-4331-89EB-761509CD68EB}.Debug|x86.Build.0 = Debug|Any CPU
		{44839C05-8A69-4331-89EB-761509CD68EB}.Release|Any CPU.ActiveCfg = Release|Any CPU
		{44839C05-8A69-4331-89EB-761509CD68EB}.Release|Any CPU.Build.0 = Release|Any CPU
		{44839C05-8A69-4331-89EB-761509CD68EB}.Release|Mixed Platforms.ActiveCfg = Release|Any CPU
		{44839C05-8A69-4331-89EB-761509CD68EB}.Release|Mixed Platforms.Build.0 = Release|Any CPU
		{44839C05-8A69-4331-89EB-761509CD68EB}.Release|x86.ActiveCfg = Release|Any CPU
		{44839C05-8A69-4331-89EB-761509CD68EB}.Release|x86.Build.0 = Release|Any CPU
		{8CF5D523-2AB2-4A61-9660-5AB9E36F48D6}.Debug|Any CPU.ActiveCfg = Debug|Any CPU
		{8CF5D523-2AB2-4A61-9660-5AB9E36F48D6}.Debug|Any CPU.Build.0 = Debug|Any CPU
		{8CF5D523-2AB2-4A61-9660-5AB9E36F48D6}.Debug|Mixed Platforms.ActiveCfg = Debug|Any CPU
		{8CF5D523-2AB2-4A61-9660-5AB9E36F48D6}.Debug|Mixed Platforms.Build.0 = Debug|Any CPU
		{8CF5D523-2AB2-4A61-9660-5AB9E36F48D6}.Debug|x86.ActiveCfg = Debug|Any CPU
		{8CF5D523-2AB2-4A61-9660-5AB9E36F48D6}.Debug|x86.Build.0 = Debug|Any CPU
		{8CF5D523-2AB2-4A61-9660-5AB9E36F48D6}.Release|Any CPU.ActiveCfg = Release|Any CPU
		{8CF5D523-2AB2-4A61-9660-5AB9E36F48D6}.Release|Any CPU.Build.0 = Release|Any CPU
		{8CF5D523-2AB2-4A61-9660-5AB9E36F48D6}.Release|Mixed Platforms.ActiveCfg = Release|Any CPU
		{8CF5D523-2AB2-4A61-9660-5AB9E36F48D6}.Release|Mixed Platforms.Build.0 = Release|Any CPU
		{8CF5D523-2AB2-4A61-9660-5AB9E36F48D6}.Release|x86.ActiveCfg = Release|Any CPU
		{8CF5D523-2AB2-4A61-9660-5AB9E36F48D6}.Release|x86.Build.0 = Release|Any CPU
	EndGlobalSection
	GlobalSection(SolutionProperties) = preSolution
		HideSolutionNode = FALSE
	EndGlobalSection
EndGlobal
